
Microsoft Visual Studio Solution File, Format Version 12.00
# Visual Studio 15
VisualStudioVersion = 15.0.26020.0
MinimumVisualStudioVersion = 10.0.40219.1
Project("{FAE04EC0-301F-11D3-BF4B-00C04F79EFBC}") = "PnpUtilGui", "PnpUtilGui\PnpUtilGui.csproj", "{6A0DD683-5FA2-4D1F-A808-165B7C3F9A54}"
EndProject
Project("{FAE04EC0-301F-11D3-BF4B-00C04F79EFBC}") = "BuildInstaller", "BuildInstaller\BuildInstaller.csproj", "{F29D976B-4C22-4C41-964C-CF513835E457}"
EndProject
Global
	GlobalSection(SolutionConfigurationPlatforms) = preSolution
		Debug|Any CPU = Debug|Any CPU
		Debug|x86 = Debug|x86
		Release|Any CPU = Release|Any CPU
		Release|x86 = Release|x86
	EndGlobalSection
	GlobalSection(ProjectConfigurationPlatforms) = postSolution
		{6A0DD683-5FA2-4D1F-A808-165B7C3F9A54}.Debug|Any CPU.ActiveCfg = Debug|Any CPU
		{6A0DD683-5FA2-4D1F-A808-165B7C3F9A54}.Debug|Any CPU.Build.0 = Debug|Any CPU
		{6A0DD683-5FA2-4D1F-A808-165B7C3F9A54}.Debug|x86.ActiveCfg = Debug|Any CPU
		{6A0DD683-5FA2-4D1F-A808-165B7C3F9A54}.Debug|x86.Build.0 = Debug|Any CPU
		{6A0DD683-5FA2-4D1F-A808-165B7C3F9A54}.Release|Any CPU.ActiveCfg = Release|Any CPU
		{6A0DD683-5FA2-4D1F-A808-165B7C3F9A54}.Release|Any CPU.Build.0 = Release|Any CPU
		{6A0DD683-5FA2-4D1F-A808-165B7C3F9A54}.Release|x86.ActiveCfg = Release|Any CPU
		{6A0DD683-5FA2-4D1F-A808-165B7C3F9A54}.Release|x86.Build.0 = Release|Any CPU
		{F29D976B-4C22-4C41-964C-CF513835E457}.Debug|Any CPU.ActiveCfg = Debug|Any CPU
		{F29D976B-4C22-4C41-964C-CF513835E457}.Debug|Any CPU.Build.0 = Debug|Any CPU
		{F29D976B-4C22-4C41-964C-CF513835E457}.Debug|x86.ActiveCfg = Debug|Any CPU
		{F29D976B-4C22-4C41-964C-CF513835E457}.Debug|x86.Build.0 = Debug|Any CPU
		{F29D976B-4C22-4C41-964C-CF513835E457}.Release|Any CPU.ActiveCfg = Release|Any CPU
		{F29D976B-4C22-4C41-964C-CF513835E457}.Release|Any CPU.Build.0 = Release|Any CPU
		{F29D976B-4C22-4C41-964C-CF513835E457}.Release|x86.ActiveCfg = Release|Any CPU
		{F29D976B-4C22-4C41-964C-CF513835E457}.Release|x86.Build.0 = Release|Any CPU
	EndGlobalSection
	GlobalSection(SolutionProperties) = preSolution
		HideSolutionNode = FALSE
	EndGlobalSection
EndGlobal
